PODS:
  - Flutter (1.0.0)
  - "flutter_sound (7.5.1+2)":
    - Flutter
    - mobile-ffmpeg-audio (= 4.3.1.LTS)
    - "tau_sound_core (= 7.5.1+2)"
  - integration_test (0.0.1):
    - Flutter
  - mobile-ffmpeg-audio (4.3.1.LTS)
  - path_provider (0.0.1):
    - Flutter
  - "tau_sound_core (7.5.1+2)"

DEPENDENCIES:
  - Flutter (from `Flutter`)
  - flutter_sound (from `.symlinks/plugins/flutter_sound/ios`)
  - integration_test (from `.symlinks/plugins/integration_test/ios`)
  - path_provider (from `.symlinks/plugins/path_provider/ios`)

SPEC REPOS:
  trunk:
    - mobile-ffmpeg-audio
    - tau_sound_core

EXTERNAL SOURCES:
  Flutter:
    :path: Flutter
  flutter_sound:
    :path: ".symlinks/plugins/flutter_sound/ios"
  integration_test:
    :path: ".symlinks/plugins/integration_test/ios"
  path_provider:
    :path: ".symlinks/plugins/path_provider/ios"

SPEC CHECKSUMS:
  Flutter: 434fef37c0980e73bb6479ef766c45957d4b510c
  flutter_sound: 73ed7a5b76dc0d8de46a5e30dce0cd39ebae849f
  integration_test: 6eb66a19f7104200dcfdd62bc0077e1b09686e4f
  mobile-ffmpeg-audio: adc36047b8032bc0f8e5c4e6ab7cb110189d9b37
  path_provider: abfe2b5c733d04e238b0d8691db0cfd63a27a93c
  tau_sound_core: 3653b154a8804ea466c3f383e3e7453df8603e61

PODFILE CHECKSUM: fe0e1ee7f3d1f7d00b11b474b62dd62134535aea

COCOAPODS: 1.9.3
